
Microsoft Visual Studio Solution File, Format Version 12.00
# Visual Studio Version 16
VisualStudioVersion = 16.0.31005.135
MinimumVisualStudioVersion = 10.0.40219.1
Project("{FAE04EC0-301F-11D3-BF4B-00C04F79EFBC}") = "MarsPanel", "MarsPanel\MarsPanel.csproj", "{BDA8C399-0B92-4CFE-A966-54B314D5E68C}"
EndProject
Global
	GlobalSection(SolutionConfigurationPlatforms) = preSolution
		Debug|Any CPU = Debug|Any CPU
		Release|Any CPU = Release|Any CPU
	EndGlobalSection
	GlobalSection(ProjectConfigurationPlatforms) = postSolution
		{BDA8C399-0B92-4CFE-A966-54B314D5E68C}.Debug|Any CPU.ActiveCfg = Debug|Any CPU
		{BDA8C399-0B92-4CFE-A966-54B314D5E68C}.Debug|Any CPU.Build.0 = Debug|Any CPU
		{BDA8C399-0B92-4CFE-A966-54B314D5E68C}.Release|Any CPU.ActiveCfg = Release|Any CPU
		{BDA8C399-0B92-4CFE-A966-54B314D5E68C}.Release|Any CPU.Build.0 = Release|Any CPU
	EndGlobalSection
	GlobalSection(SolutionProperties) = preSolution
		HideSolutionNode = FALSE
	EndGlobalSection
	GlobalSection(ExtensibilityGlobals) = postSolution
		SolutionGuid = {2F0916C3-D316-4FA2-BFAE-C342086CF3C2}
	EndGlobalSection
EndGlobal
